<?xml version="1.0" encoding="utf-8"?>
<Project ToolsVersion="4.0" xmlns="http://schemas.microsoft.com/developer/msbuild/2003">
  <ItemGroup>
    <Filter Include="공용">
      <UniqueIdentifier>4b4e07ef-8362-457c-8042-3821a93a23b8</UniqueIdentifier>
    </Filter>
    <Filter Include="자산">
      <UniqueIdentifier>157bfac0-476f-4716-8035-21682165f196</UniqueIdentifier>
      <Extensions>bmp;fbx;gif;jpg;jpeg;tga;tiff;tif;png</Extensions>
    </Filter>
    <Filter Include="내용">
      <UniqueIdentifier>46f6a20b-29fb-4222-9381-b64a8e0a6f52</UniqueIdentifier>
    </Filter>
    <ClInclude Include="Common\d3dx12.h">
      <Filter>공용</Filter>
    </ClInclude>
    <ClInclude Include="Common\DirectXHelper.h">
      <Filter>공용</Filter>
    </ClInclude>
    <ClInclude Include="Common\StepTimer.h">
      <Filter>공용</Filter>
    </ClInclude>
    <ClInclude Include="Common\DeviceResources.h">
      <Filter>공용</Filter>
    </ClInclude>
    <ClCompile Include="Common\DeviceResources.cpp">
      <Filter>공용</Filter>
    </ClCompile>
    <ClInclude Include="Content\Sample3DSceneRenderer.h">
      <Filter>내용</Filter>
    </ClInclude>
    <ClInclude Include="Content\ShaderStructures.h">
      <Filter>내용</Filter>
    </ClInclude>
    <ClCompile Include="Content\Sample3DSceneRenderer.cpp">
      <Filter>내용</Filter>
    </ClCompile>
    <FxCompile Include="Content\SamplePixelShader.hlsl">
      <Filter>내용</Filter>
    </FxCompile>
    <FxCompile Include="Content\SampleVertexShader.hlsl">
      <Filter>내용</Filter>
    </FxCompile>
    <Image Include="Assets\LockScreenLogo.scale-200.png">
      <Filter>자산</Filter>
    </Image>
    <Image Include="Assets\SplashScreen.scale-200.png">
      <Filter>자산</Filter>
    </Image>
    <Image Include="Assets\Square150x150Logo.scale-200.png">
      <Filter>자산</Filter>
    </Image>
    <Image Include="Assets\Square44x44Logo.scale-200.png">
      <Filter>자산</Filter>
    </Image>
    <Image Include="Assets\Square44x44Logo.targetsize-24_altform-unplated.png">
      <Filter>자산</Filter>
    </Image>
    <Image Include="Assets\StoreLogo.png">
      <Filter>자산</Filter>
    </Image>
    <Image Include="Assets\Wide310x150Logo.scale-200.png">
      <Filter>자산</Filter>
    </Image>
    <Filter Include="내용\Core">
      <UniqueIdentifier>{75b36a4e-951a-4566-8b3c-1ad89d01fdbb}</UniqueIdentifier>
    </Filter>
    <Filter Include="내용\Core\Object">
      <UniqueIdentifier>{29da4dd4-96c0-446a-884e-7f1f95ae196e}</UniqueIdentifier>
    </Filter>
    <Filter Include="내용\Core\Component">
      <UniqueIdentifier>{4ec2d2b0-aaed-4d47-9619-5564324b3b65}</UniqueIdentifier>
    </Filter>
  </ItemGroup>
  <ItemGroup>
    <ClCompile Include="App.cpp" />
    <ClCompile Include="M1EngineMain.cpp" />
    <ClCompile Include="pch.cpp" />
    <ClCompile Include="Content\Core\Object\M1GameObject.cpp">
      <Filter>내용\Core\Object</Filter>
    </ClCompile>
  </ItemGroup>
  <ItemGroup>
    <ClInclude Include="App.h" />
    <ClInclude Include="M1EngineMain.h" />
    <ClInclude Include="pch.h" />
    <ClInclude Include="Content\Core\Object\M1GameObject.h">
      <Filter>내용\Core\Object</Filter>
    </ClInclude>
    <ClInclude Include="Content\Core\M1RTTI.h">
      <Filter>내용\Core</Filter>
    </ClInclude>
  </ItemGroup>
  <ItemGroup>
    <AppxManifest Include="Package.appxmanifest" />
  </ItemGroup>
  <ItemGroup>
    <None Include="M1Engine_TemporaryKey.pfx" />
  </ItemGroup>
</Project>